
Microsoft Visual Studio Solution File, Format Version 12.00
# Visual Studio Version 16
VisualStudioVersion = 16.0.30002.166
MinimumVisualStudioVersion = 10.0.40219.1
Project("{9A19103F-16F7-4668-BE54-9A1E7A4F7556}") = "Sum-Seconds", "Sum-Seconds\Sum-Seconds.csproj", "{4BA250FA-E323-4F3B-A06A-478B68B47085}"
EndProject
Project("{9A19103F-16F7-4668-BE54-9A1E7A4F7556}") = "Bonus-Score", "Bonus-Score\Bonus-Score.csproj", "{C16E1AAA-DA3F-4667-9009-6E0E79E707EA}"
EndProject
Project("{9A19103F-16F7-4668-BE54-9A1E7A4F7556}") = "Speed-Info", "Speed-Info\Speed-Info.csproj", "{400D027B-C605-4392-AA7D-F669501511A5}"
EndProject
Project("{9A19103F-16F7-4668-BE54-9A1E7A4F7556}") = "Metric-Converter", "Metric-Converter\Metric-Converter.csproj", "{1308CE67-4E98-499E-97E6-88516E16CC0D}"
EndProject
Project("{9A19103F-16F7-4668-BE54-9A1E7A4F7556}") = "Time-Plus-15-Minutes", "Time-Plus-15-Minutes\Time-Plus-15-Minutes.csproj", "{82626B1E-9A9A-4293-A3E9-F91636D44161}"
EndProject
Project("{9A19103F-16F7-4668-BE54-9A1E7A4F7556}") = "Godzilla-vs-Kong", "Godzilla-vs-Kong\Godzilla-vs-Kong.csproj", "{43903245-FAE7-47E3-8DE2-76751F9A9FE4}"
EndProject
Project("{FAE04EC0-301F-11D3-BF4B-00C04F79EFBC}") = "World-Swimming-Record", "World-Swimming-Record\World-Swimming-Record.csproj", "{3966A703-9AA9-4D2B-9B84-8DFC679E2973}"
EndProject
Project("{FAE04EC0-301F-11D3-BF4B-00C04F79EFBC}") = "Scholarship", "Scholarship\Scholarship.csproj", "{35437EA5-1B58-49B4-8CBF-3A34D165FF56}"
EndProject
Global
	GlobalSection(SolutionConfigurationPlatforms) = preSolution
		Debug|Any CPU = Debug|Any CPU
		Release|Any CPU = Release|Any CPU
	EndGlobalSection
	GlobalSection(ProjectConfigurationPlatforms) = postSolution
		{4BA250FA-E323-4F3B-A06A-478B68B47085}.Debug|Any CPU.ActiveCfg = Debug|Any CPU
		{4BA250FA-E323-4F3B-A06A-478B68B47085}.Debug|Any CPU.Build.0 = Debug|Any CPU
		{4BA250FA-E323-4F3B-A06A-478B68B47085}.Release|Any CPU.ActiveCfg = Release|Any CPU
		{4BA250FA-E323-4F3B-A06A-478B68B47085}.Release|Any CPU.Build.0 = Release|Any CPU
		{C16E1AAA-DA3F-4667-9009-6E0E79E707EA}.Debug|Any CPU.ActiveCfg = Debug|Any CPU
		{C16E1AAA-DA3F-4667-9009-6E0E79E707EA}.Debug|Any CPU.Build.0 = Debug|Any CPU
		{C16E1AAA-DA3F-4667-9009-6E0E79E707EA}.Release|Any CPU.ActiveCfg = Release|Any CPU
		{C16E1AAA-DA3F-4667-9009-6E0E79E707EA}.Release|Any CPU.Build.0 = Release|Any CPU
		{400D027B-C605-4392-AA7D-F669501511A5}.Debug|Any CPU.ActiveCfg = Debug|Any CPU
		{400D027B-C605-4392-AA7D-F669501511A5}.Debug|Any CPU.Build.0 = Debug|Any CPU
		{400D027B-C605-4392-AA7D-F669501511A5}.Release|Any CPU.ActiveCfg = Release|Any CPU
		{400D027B-C605-4392-AA7D-F669501511A5}.Release|Any CPU.Build.0 = Release|Any CPU
		{1308CE67-4E98-499E-97E6-88516E16CC0D}.Debug|Any CPU.ActiveCfg = Debug|Any CPU
		{1308CE67-4E98-499E-97E6-88516E16CC0D}.Debug|Any CPU.Build.0 = Debug|Any CPU
		{1308CE67-4E98-499E-97E6-88516E16CC0D}.Release|Any CPU.ActiveCfg = Release|Any CPU
		{1308CE67-4E98-499E-97E6-88516E16CC0D}.Release|Any CPU.Build.0 = Release|Any CPU
		{82626B1E-9A9A-4293-A3E9-F91636D44161}.Debug|Any CPU.ActiveCfg = Debug|Any CPU
		{82626B1E-9A9A-4293-A3E9-F91636D44161}.Debug|Any CPU.Build.0 = Debug|Any CPU
		{82626B1E-9A9A-4293-A3E9-F91636D44161}.Release|Any CPU.ActiveCfg = Release|Any CPU
		{82626B1E-9A9A-4293-A3E9-F91636D44161}.Release|Any CPU.Build.0 = Release|Any CPU
		{43903245-FAE7-47E3-8DE2-76751F9A9FE4}.Debug|Any CPU.ActiveCfg = Debug|Any CPU
		{43903245-FAE7-47E3-8DE2-76751F9A9FE4}.Debug|Any CPU.Build.0 = Debug|Any CPU
		{43903245-FAE7-47E3-8DE2-76751F9A9FE4}.Release|Any CPU.ActiveCfg = Release|Any CPU
		{43903245-FAE7-47E3-8DE2-76751F9A9FE4}.Release|Any CPU.Build.0 = Release|Any CPU
		{3966A703-9AA9-4D2B-9B84-8DFC679E2973}.Debug|Any CPU.ActiveCfg = Debug|Any CPU
		{3966A703-9AA9-4D2B-9B84-8DFC679E2973}.Debug|Any CPU.Build.0 = Debug|Any CPU
		{3966A703-9AA9-4D2B-9B84-8DFC679E2973}.Release|Any CPU.ActiveCfg = Release|Any CPU
		{3966A703-9AA9-4D2B-9B84-8DFC679E2973}.Release|Any CPU.Build.0 = Release|Any CPU
		{35437EA5-1B58-49B4-8CBF-3A34D165FF56}.Debug|Any CPU.ActiveCfg = Debug|Any CPU
		{35437EA5-1B58-49B4-8CBF-3A34D165FF56}.Debug|Any CPU.Build.0 = Debug|Any CPU
		{35437EA5-1B58-49B4-8CBF-3A34D165FF56}.Release|Any CPU.ActiveCfg = Release|Any CPU
		{35437EA5-1B58-49B4-8CBF-3A34D165FF56}.Release|Any CPU.Build.0 = Release|Any CPU
	EndGlobalSection
	GlobalSection(SolutionProperties) = preSolution
		HideSolutionNode = FALSE
	EndGlobalSection
	GlobalSection(ExtensibilityGlobals) = postSolution
		SolutionGuid = {5FC875ED-F3C1-4079-BA79-636B1566F1C6}
	EndGlobalSection
EndGlobal
