
Microsoft Visual Studio Solution File, Format Version 12.00
# Visual Studio Version 16
VisualStudioVersion = 16.0.30002.166
MinimumVisualStudioVersion = 10.0.40219.1
Project("{9A19103F-16F7-4668-BE54-9A1E7A4F7556}") = "Point-on-Rectangle-Border", "Point-on-Rectangle-Border\Point-on-Rectangle-Border.csproj", "{0F73ACB7-FA17-4E9D-ADEE-BC89EBFE8641}"
EndProject
Project("{9A19103F-16F7-4668-BE54-9A1E7A4F7556}") = "Cinema", "Cinema\Cinema.csproj", "{493049A9-17A4-466A-88E6-85BF4D43F4BD}"
EndProject
Project("{9A19103F-16F7-4668-BE54-9A1E7A4F7556}") = "Summer-Outfit", "Summer-Outfit\Summer-Outfit.csproj", "{F47B5362-74A8-4532-BF9A-6EAC2BE766BE}"
EndProject
Project("{9A19103F-16F7-4668-BE54-9A1E7A4F7556}") = "New-House", "New-House\New-House.csproj", "{A3D13289-6831-414B-82E4-36F1CFD0630C}"
EndProject
Project("{9A19103F-16F7-4668-BE54-9A1E7A4F7556}") = "Fishing-Boat", "Fishing-Boat\Fishing-Boat.csproj", "{61B3D6A3-F577-4F6E-8964-9834C58B017E}"
EndProject
Project("{9A19103F-16F7-4668-BE54-9A1E7A4F7556}") = "Journey", "Journey\Journey.csproj", "{5D470D58-AB9E-4367-9481-A80906885BDB}"
EndProject
Project("{9A19103F-16F7-4668-BE54-9A1E7A4F7556}") = "Operations-Between-Numbers", "Operations-Between-Numbers\Operations-Between-Numbers.csproj", "{5090E0E2-16E9-4593-9582-804F5EB80C11}"
EndProject
Project("{9A19103F-16F7-4668-BE54-9A1E7A4F7556}") = "Hotel-Room", "Hotel-Room\Hotel-Room.csproj", "{5BC52405-52C6-4AA5-8302-434881CE3889}"
EndProject
Project("{9A19103F-16F7-4668-BE54-9A1E7A4F7556}") = "On-Time-for-the-Exam", "On-Time-for-the-Exam\On-Time-for-the-Exam.csproj", "{B5C7C50B-58DA-4166-89AC-D6EC803FE4AB}"
EndProject
Project("{FAE04EC0-301F-11D3-BF4B-00C04F79EFBC}") = "Volleyball", "Volleyball\Volleyball.csproj", "{685131DF-E50C-4C05-BCA7-2EF126F80296}"
EndProject
Global
	GlobalSection(SolutionConfigurationPlatforms) = preSolution
		Debug|Any CPU = Debug|Any CPU
		Release|Any CPU = Release|Any CPU
	EndGlobalSection
	GlobalSection(ProjectConfigurationPlatforms) = postSolution
		{0F73ACB7-FA17-4E9D-ADEE-BC89EBFE8641}.Debug|Any CPU.ActiveCfg = Debug|Any CPU
		{0F73ACB7-FA17-4E9D-ADEE-BC89EBFE8641}.Debug|Any CPU.Build.0 = Debug|Any CPU
		{0F73ACB7-FA17-4E9D-ADEE-BC89EBFE8641}.Release|Any CPU.ActiveCfg = Release|Any CPU
		{0F73ACB7-FA17-4E9D-ADEE-BC89EBFE8641}.Release|Any CPU.Build.0 = Release|Any CPU
		{493049A9-17A4-466A-88E6-85BF4D43F4BD}.Debug|Any CPU.ActiveCfg = Debug|Any CPU
		{493049A9-17A4-466A-88E6-85BF4D43F4BD}.Debug|Any CPU.Build.0 = Debug|Any CPU
		{493049A9-17A4-466A-88E6-85BF4D43F4BD}.Release|Any CPU.ActiveCfg = Release|Any CPU
		{493049A9-17A4-466A-88E6-85BF4D43F4BD}.Release|Any CPU.Build.0 = Release|Any CPU
		{F47B5362-74A8-4532-BF9A-6EAC2BE766BE}.Debug|Any CPU.ActiveCfg = Debug|Any CPU
		{F47B5362-74A8-4532-BF9A-6EAC2BE766BE}.Debug|Any CPU.Build.0 = Debug|Any CPU
		{F47B5362-74A8-4532-BF9A-6EAC2BE766BE}.Release|Any CPU.ActiveCfg = Release|Any CPU
		{F47B5362-74A8-4532-BF9A-6EAC2BE766BE}.Release|Any CPU.Build.0 = Release|Any CPU
		{A3D13289-6831-414B-82E4-36F1CFD0630C}.Debug|Any CPU.ActiveCfg = Debug|Any CPU
		{A3D13289-6831-414B-82E4-36F1CFD0630C}.Debug|Any CPU.Build.0 = Debug|Any CPU
		{A3D13289-6831-414B-82E4-36F1CFD0630C}.Release|Any CPU.ActiveCfg = Release|Any CPU
		{A3D13289-6831-414B-82E4-36F1CFD0630C}.Release|Any CPU.Build.0 = Release|Any CPU
		{61B3D6A3-F577-4F6E-8964-9834C58B017E}.Debug|Any CPU.ActiveCfg = Debug|Any CPU
		{61B3D6A3-F577-4F6E-8964-9834C58B017E}.Debug|Any CPU.Build.0 = Debug|Any CPU
		{61B3D6A3-F577-4F6E-8964-9834C58B017E}.Release|Any CPU.ActiveCfg = Release|Any CPU
		{61B3D6A3-F577-4F6E-8964-9834C58B017E}.Release|Any CPU.Build.0 = Release|Any CPU
		{5D470D58-AB9E-4367-9481-A80906885BDB}.Debug|Any CPU.ActiveCfg = Debug|Any CPU
		{5D470D58-AB9E-4367-9481-A80906885BDB}.Debug|Any CPU.Build.0 = Debug|Any CPU
		{5D470D58-AB9E-4367-9481-A80906885BDB}.Release|Any CPU.ActiveCfg = Release|Any CPU
		{5D470D58-AB9E-4367-9481-A80906885BDB}.Release|Any CPU.Build.0 = Release|Any CPU
		{5090E0E2-16E9-4593-9582-804F5EB80C11}.Debug|Any CPU.ActiveCfg = Debug|Any CPU
		{5090E0E2-16E9-4593-9582-804F5EB80C11}.Debug|Any CPU.Build.0 = Debug|Any CPU
		{5090E0E2-16E9-4593-9582-804F5EB80C11}.Release|Any CPU.ActiveCfg = Release|Any CPU
		{5090E0E2-16E9-4593-9582-804F5EB80C11}.Release|Any CPU.Build.0 = Release|Any CPU
		{5BC52405-52C6-4AA5-8302-434881CE3889}.Debug|Any CPU.ActiveCfg = Debug|Any CPU
		{5BC52405-52C6-4AA5-8302-434881CE3889}.Debug|Any CPU.Build.0 = Debug|Any CPU
		{5BC52405-52C6-4AA5-8302-434881CE3889}.Release|Any CPU.ActiveCfg = Release|Any CPU
		{5BC52405-52C6-4AA5-8302-434881CE3889}.Release|Any CPU.Build.0 = Release|Any CPU
		{B5C7C50B-58DA-4166-89AC-D6EC803FE4AB}.Debug|Any CPU.ActiveCfg = Debug|Any CPU
		{B5C7C50B-58DA-4166-89AC-D6EC803FE4AB}.Debug|Any CPU.Build.0 = Debug|Any CPU
		{B5C7C50B-58DA-4166-89AC-D6EC803FE4AB}.Release|Any CPU.ActiveCfg = Release|Any CPU
		{B5C7C50B-58DA-4166-89AC-D6EC803FE4AB}.Release|Any CPU.Build.0 = Release|Any CPU
		{685131DF-E50C-4C05-BCA7-2EF126F80296}.Debug|Any CPU.ActiveCfg = Debug|Any CPU
		{685131DF-E50C-4C05-BCA7-2EF126F80296}.Debug|Any CPU.Build.0 = Debug|Any CPU
		{685131DF-E50C-4C05-BCA7-2EF126F80296}.Release|Any CPU.ActiveCfg = Release|Any CPU
		{685131DF-E50C-4C05-BCA7-2EF126F80296}.Release|Any CPU.Build.0 = Release|Any CPU
	EndGlobalSection
	GlobalSection(SolutionProperties) = preSolution
		HideSolutionNode = FALSE
	EndGlobalSection
	GlobalSection(ExtensibilityGlobals) = postSolution
		SolutionGuid = {4A560018-BB7D-4FC4-AAF8-9126C6E3FF9A}
	EndGlobalSection
EndGlobal
