
Microsoft Visual Studio Solution File, Format Version 12.00
# Visual Studio Version 16
VisualStudioVersion = 16.0.30523.141
MinimumVisualStudioVersion = 10.0.40219.1
Project("{9A19103F-16F7-4668-BE54-9A1E7A4F7556}") = "Define-a-Class-Person", "Define-a-Class-Person\Define-a-Class-Person.csproj", "{74ADB2CE-D9DE-49A9-B0DF-6F896ACFCE96}"
EndProject
Project("{9A19103F-16F7-4668-BE54-9A1E7A4F7556}") = "Creating-Constructors", "Creating-Constructors\Creating-Constructors.csproj", "{08B025CC-548F-4D8E-9609-E90D4BE40478}"
EndProject
Project("{9A19103F-16F7-4668-BE54-9A1E7A4F7556}") = "Oldest-Family-Member", "Oldest-Family-Member\Oldest-Family-Member.csproj", "{7BC0F564-D3C7-4D2F-B3E9-642466B08800}"
EndProject
Project("{9A19103F-16F7-4668-BE54-9A1E7A4F7556}") = "Opinion-Poll", "Opinion-Poll\Opinion-Poll.csproj", "{2EE54562-3A67-44D8-BE0A-D63080244A8D}"
EndProject
Project("{FAE04EC0-301F-11D3-BF4B-00C04F79EFBC}") = "Date-Modifier", "Date-Modifier\Date-Modifier.csproj", "{F5E9DF8F-5226-49FF-A431-24C92B92343F}"
EndProject
Project("{FAE04EC0-301F-11D3-BF4B-00C04F79EFBC}") = "Speed-Racing", "Speed-Racing\Speed-Racing.csproj", "{287DD0E2-EC16-4473-9C99-82D1DD7E486D}"
EndProject
Project("{FAE04EC0-301F-11D3-BF4B-00C04F79EFBC}") = "Raw-Data", "Raw-Data\Raw-Data.csproj", "{BEE1BC75-539C-40D2-B69E-45E23196D74E}"
EndProject
Global
	GlobalSection(SolutionConfigurationPlatforms) = preSolution
		Debug|Any CPU = Debug|Any CPU
		Release|Any CPU = Release|Any CPU
	EndGlobalSection
	GlobalSection(ProjectConfigurationPlatforms) = postSolution
		{74ADB2CE-D9DE-49A9-B0DF-6F896ACFCE96}.Debug|Any CPU.ActiveCfg = Debug|Any CPU
		{74ADB2CE-D9DE-49A9-B0DF-6F896ACFCE96}.Debug|Any CPU.Build.0 = Debug|Any CPU
		{74ADB2CE-D9DE-49A9-B0DF-6F896ACFCE96}.Release|Any CPU.ActiveCfg = Release|Any CPU
		{74ADB2CE-D9DE-49A9-B0DF-6F896ACFCE96}.Release|Any CPU.Build.0 = Release|Any CPU
		{08B025CC-548F-4D8E-9609-E90D4BE40478}.Debug|Any CPU.ActiveCfg = Debug|Any CPU
		{08B025CC-548F-4D8E-9609-E90D4BE40478}.Debug|Any CPU.Build.0 = Debug|Any CPU
		{08B025CC-548F-4D8E-9609-E90D4BE40478}.Release|Any CPU.ActiveCfg = Release|Any CPU
		{08B025CC-548F-4D8E-9609-E90D4BE40478}.Release|Any CPU.Build.0 = Release|Any CPU
		{7BC0F564-D3C7-4D2F-B3E9-642466B08800}.Debug|Any CPU.ActiveCfg = Debug|Any CPU
		{7BC0F564-D3C7-4D2F-B3E9-642466B08800}.Debug|Any CPU.Build.0 = Debug|Any CPU
		{7BC0F564-D3C7-4D2F-B3E9-642466B08800}.Release|Any CPU.ActiveCfg = Release|Any CPU
		{7BC0F564-D3C7-4D2F-B3E9-642466B08800}.Release|Any CPU.Build.0 = Release|Any CPU
		{2EE54562-3A67-44D8-BE0A-D63080244A8D}.Debug|Any CPU.ActiveCfg = Debug|Any CPU
		{2EE54562-3A67-44D8-BE0A-D63080244A8D}.Debug|Any CPU.Build.0 = Debug|Any CPU
		{2EE54562-3A67-44D8-BE0A-D63080244A8D}.Release|Any CPU.ActiveCfg = Release|Any CPU
		{2EE54562-3A67-44D8-BE0A-D63080244A8D}.Release|Any CPU.Build.0 = Release|Any CPU
		{F5E9DF8F-5226-49FF-A431-24C92B92343F}.Debug|Any CPU.ActiveCfg = Debug|Any CPU
		{F5E9DF8F-5226-49FF-A431-24C92B92343F}.Debug|Any CPU.Build.0 = Debug|Any CPU
		{F5E9DF8F-5226-49FF-A431-24C92B92343F}.Release|Any CPU.ActiveCfg = Release|Any CPU
		{F5E9DF8F-5226-49FF-A431-24C92B92343F}.Release|Any CPU.Build.0 = Release|Any CPU
		{287DD0E2-EC16-4473-9C99-82D1DD7E486D}.Debug|Any CPU.ActiveCfg = Debug|Any CPU
		{287DD0E2-EC16-4473-9C99-82D1DD7E486D}.Debug|Any CPU.Build.0 = Debug|Any CPU
		{287DD0E2-EC16-4473-9C99-82D1DD7E486D}.Release|Any CPU.ActiveCfg = Release|Any CPU
		{287DD0E2-EC16-4473-9C99-82D1DD7E486D}.Release|Any CPU.Build.0 = Release|Any CPU
		{BEE1BC75-539C-40D2-B69E-45E23196D74E}.Debug|Any CPU.ActiveCfg = Debug|Any CPU
		{BEE1BC75-539C-40D2-B69E-45E23196D74E}.Debug|Any CPU.Build.0 = Debug|Any CPU
		{BEE1BC75-539C-40D2-B69E-45E23196D74E}.Release|Any CPU.ActiveCfg = Release|Any CPU
		{BEE1BC75-539C-40D2-B69E-45E23196D74E}.Release|Any CPU.Build.0 = Release|Any CPU
	EndGlobalSection
	GlobalSection(SolutionProperties) = preSolution
		HideSolutionNode = FALSE
	EndGlobalSection
	GlobalSection(ExtensibilityGlobals) = postSolution
		SolutionGuid = {81B243E2-9859-48CA-B785-6FC653B7BE97}
	EndGlobalSection
EndGlobal
