
Microsoft Visual Studio Solution File, Format Version 12.00
# Visual Studio Version 16
VisualStudioVersion = 16.0.30523.141
MinimumVisualStudioVersion = 10.0.40219.1
Project("{FAE04EC0-301F-11D3-BF4B-00C04F79EFBC}") = "Scheduling", "Scheduling\Scheduling.csproj", "{B1E8E5FC-6493-4ADF-871E-296F3268CA1A}"
EndProject
Project("{FAE04EC0-301F-11D3-BF4B-00C04F79EFBC}") = "Garden", "Garden\Garden.csproj", "{EEAA5932-41C3-404C-8F2C-A705BDE8FA6D}"
EndProject
Project("{FAE04EC0-301F-11D3-BF4B-00C04F79EFBC}") = "Classroom", "Classroom\Classroom.csproj", "{8D1C999A-CD78-4542-9C30-8016F1C514C4}"
EndProject
Global
	GlobalSection(SolutionConfigurationPlatforms) = preSolution
		Debug|Any CPU = Debug|Any CPU
		Release|Any CPU = Release|Any CPU
	EndGlobalSection
	GlobalSection(ProjectConfigurationPlatforms) = postSolution
		{B1E8E5FC-6493-4ADF-871E-296F3268CA1A}.Debug|Any CPU.ActiveCfg = Debug|Any CPU
		{B1E8E5FC-6493-4ADF-871E-296F3268CA1A}.Debug|Any CPU.Build.0 = Debug|Any CPU
		{B1E8E5FC-6493-4ADF-871E-296F3268CA1A}.Release|Any CPU.ActiveCfg = Release|Any CPU
		{B1E8E5FC-6493-4ADF-871E-296F3268CA1A}.Release|Any CPU.Build.0 = Release|Any CPU
		{EEAA5932-41C3-404C-8F2C-A705BDE8FA6D}.Debug|Any CPU.ActiveCfg = Debug|Any CPU
		{EEAA5932-41C3-404C-8F2C-A705BDE8FA6D}.Debug|Any CPU.Build.0 = Debug|Any CPU
		{EEAA5932-41C3-404C-8F2C-A705BDE8FA6D}.Release|Any CPU.ActiveCfg = Release|Any CPU
		{EEAA5932-41C3-404C-8F2C-A705BDE8FA6D}.Release|Any CPU.Build.0 = Release|Any CPU
		{8D1C999A-CD78-4542-9C30-8016F1C514C4}.Debug|Any CPU.ActiveCfg = Debug|Any CPU
		{8D1C999A-CD78-4542-9C30-8016F1C514C4}.Debug|Any CPU.Build.0 = Debug|Any CPU
		{8D1C999A-CD78-4542-9C30-8016F1C514C4}.Release|Any CPU.ActiveCfg = Release|Any CPU
		{8D1C999A-CD78-4542-9C30-8016F1C514C4}.Release|Any CPU.Build.0 = Release|Any CPU
	EndGlobalSection
	GlobalSection(SolutionProperties) = preSolution
		HideSolutionNode = FALSE
	EndGlobalSection
	GlobalSection(ExtensibilityGlobals) = postSolution
		SolutionGuid = {45D83779-7CE2-4094-9A6C-37D4FD4BBD10}
	EndGlobalSection
EndGlobal
