
Microsoft Visual Studio Solution File, Format Version 12.00
# Visual Studio Version 16
VisualStudioVersion = 16.0.30002.166
MinimumVisualStudioVersion = 10.0.40219.1
Project("{9A19103F-16F7-4668-BE54-9A1E7A4F7556}") = "Dishwasher", "Dishwasher\Dishwasher.csproj", "{2B64AF86-CE60-4C4F-8548-2D0A1D5E533F}"
EndProject
Project("{9A19103F-16F7-4668-BE54-9A1E7A4F7556}") = "Report-System", "Report-System\Report-System.csproj", "{9AF1D81C-66AC-4CDC-AF09-2B72ADC01009}"
EndProject
Project("{FAE04EC0-301F-11D3-BF4B-00C04F79EFBC}") = "Stream-Of-Letters", "Stream-Of-Letters\Stream-Of-Letters.csproj", "{6023D45E-3E0C-4A17-971A-EF9112AF2471}"
EndProject
Global
	GlobalSection(SolutionConfigurationPlatforms) = preSolution
		Debug|Any CPU = Debug|Any CPU
		Release|Any CPU = Release|Any CPU
	EndGlobalSection
	GlobalSection(ProjectConfigurationPlatforms) = postSolution
		{2B64AF86-CE60-4C4F-8548-2D0A1D5E533F}.Debug|Any CPU.ActiveCfg = Debug|Any CPU
		{2B64AF86-CE60-4C4F-8548-2D0A1D5E533F}.Debug|Any CPU.Build.0 = Debug|Any CPU
		{2B64AF86-CE60-4C4F-8548-2D0A1D5E533F}.Release|Any CPU.ActiveCfg = Release|Any CPU
		{2B64AF86-CE60-4C4F-8548-2D0A1D5E533F}.Release|Any CPU.Build.0 = Release|Any CPU
		{9AF1D81C-66AC-4CDC-AF09-2B72ADC01009}.Debug|Any CPU.ActiveCfg = Debug|Any CPU
		{9AF1D81C-66AC-4CDC-AF09-2B72ADC01009}.Debug|Any CPU.Build.0 = Debug|Any CPU
		{9AF1D81C-66AC-4CDC-AF09-2B72ADC01009}.Release|Any CPU.ActiveCfg = Release|Any CPU
		{9AF1D81C-66AC-4CDC-AF09-2B72ADC01009}.Release|Any CPU.Build.0 = Release|Any CPU
		{6023D45E-3E0C-4A17-971A-EF9112AF2471}.Debug|Any CPU.ActiveCfg = Debug|Any CPU
		{6023D45E-3E0C-4A17-971A-EF9112AF2471}.Debug|Any CPU.Build.0 = Debug|Any CPU
		{6023D45E-3E0C-4A17-971A-EF9112AF2471}.Release|Any CPU.ActiveCfg = Release|Any CPU
		{6023D45E-3E0C-4A17-971A-EF9112AF2471}.Release|Any CPU.Build.0 = Release|Any CPU
	EndGlobalSection
	GlobalSection(SolutionProperties) = preSolution
		HideSolutionNode = FALSE
	EndGlobalSection
	GlobalSection(ExtensibilityGlobals) = postSolution
		SolutionGuid = {E929A4EA-AAF3-4B82-B606-03DF887F1D99}
	EndGlobalSection
EndGlobal
