
Microsoft Visual Studio Solution File, Format Version 12.00
# Visual Studio Version 16
VisualStudioVersion = 16.0.30002.166
MinimumVisualStudioVersion = 10.0.40219.1
Project("{FAE04EC0-301F-11D3-BF4B-00C04F79EFBC}") = "Wine", "Wine\Wine.csproj", "{578130A4-9FBF-4BD9-B57E-9B626F5CC619}"
EndProject
Global
	GlobalSection(SolutionConfigurationPlatforms) = preSolution
		Debug|Any CPU = Debug|Any CPU
		Release|Any CPU = Release|Any CPU
	EndGlobalSection
	GlobalSection(ProjectConfigurationPlatforms) = postSolution
		{578130A4-9FBF-4BD9-B57E-9B626F5CC619}.Debug|Any CPU.ActiveCfg = Debug|Any CPU
		{578130A4-9FBF-4BD9-B57E-9B626F5CC619}.Debug|Any CPU.Build.0 = Debug|Any CPU
		{578130A4-9FBF-4BD9-B57E-9B626F5CC619}.Release|Any CPU.ActiveCfg = Release|Any CPU
		{578130A4-9FBF-4BD9-B57E-9B626F5CC619}.Release|Any CPU.Build.0 = Release|Any CPU
	EndGlobalSection
	GlobalSection(SolutionProperties) = preSolution
		HideSolutionNode = FALSE
	EndGlobalSection
	GlobalSection(ExtensibilityGlobals) = postSolution
		SolutionGuid = {6058DC8B-9992-489A-9120-97B2A5464EBE}
	EndGlobalSection
EndGlobal
