
Microsoft Visual Studio Solution File, Format Version 12.00
# Visual Studio Version 16
VisualStudioVersion = 16.0.29806.167
MinimumVisualStudioVersion = 10.0.40219.1
Project("{FAE04EC0-301F-11D3-BF4B-00C04F79EFBC}") = "WebCalc", "WebCalc\WebCalc.csproj", "{DD914FFF-8CD6-41AE-A746-5CE5159AB008}"
EndProject
Global
	GlobalSection(SolutionConfigurationPlatforms) = preSolution
		Debug|Any CPU = Debug|Any CPU
		Release|Any CPU = Release|Any CPU
	EndGlobalSection
	GlobalSection(ProjectConfigurationPlatforms) = postSolution
		{DD914FFF-8CD6-41AE-A746-5CE5159AB008}.Debug|Any CPU.ActiveCfg = Debug|Any CPU
		{DD914FFF-8CD6-41AE-A746-5CE5159AB008}.Debug|Any CPU.Build.0 = Debug|Any CPU
		{DD914FFF-8CD6-41AE-A746-5CE5159AB008}.Release|Any CPU.ActiveCfg = Release|Any CPU
		{DD914FFF-8CD6-41AE-A746-5CE5159AB008}.Release|Any CPU.Build.0 = Release|Any CPU
	EndGlobalSection
	GlobalSection(SolutionProperties) = preSolution
		HideSolutionNode = FALSE
	EndGlobalSection
	GlobalSection(ExtensibilityGlobals) = postSolution
		SolutionGuid = {C408B3B3-8FEB-4673-A364-4BA2ACDAD8A1}
	EndGlobalSection
EndGlobal
