
Microsoft Visual Studio Solution File, Format Version 12.00
# Visual Studio Version 16
VisualStudioVersion = 16.0.30002.166
MinimumVisualStudioVersion = 10.0.40219.1
Project("{9A19103F-16F7-4668-BE54-9A1E7A4F7556}") = "Clock", "Clock\Clock.csproj", "{20E3D1CF-1C3D-436C-A8B8-E38313837DB0}"
EndProject
Project("{9A19103F-16F7-4668-BE54-9A1E7A4F7556}") = "Multiplication-Table", "Multiplication-Table\Multiplication-Table.csproj", "{80A27028-ECF4-4185-8707-60CF7969B6B6}"
EndProject
Project("{9A19103F-16F7-4668-BE54-9A1E7A4F7556}") = "Combinations", "Combinations\Combinations.csproj", "{9502FF18-F989-4E54-AF01-7FBB5D865F5D}"
EndProject
Project("{9A19103F-16F7-4668-BE54-9A1E7A4F7556}") = "Sum-of-Two-Numbers", "Sum-of-Two-Numbers\Sum-of-Two-Numbers.csproj", "{984E5CB5-71EC-4DFB-8571-EA43893D7530}"
EndProject
Project("{9A19103F-16F7-4668-BE54-9A1E7A4F7556}") = "Cinema-Tickets", "Cinema-Tickets\Cinema-Tickets.csproj", "{A0E8CFEC-1C69-4625-962C-B73514769D3F}"
EndProject
Project("{FAE04EC0-301F-11D3-BF4B-00C04F79EFBC}") = "Building", "Building\Building.csproj", "{0B05A3FB-2F0A-4D9E-8910-5904F4873988}"
EndProject
Project("{FAE04EC0-301F-11D3-BF4B-00C04F79EFBC}") = "Travelling", "Travelling\Travelling.csproj", "{98225200-C1C4-47E8-A82E-4512F292AAA0}"
EndProject
Global
	GlobalSection(SolutionConfigurationPlatforms) = preSolution
		Debug|Any CPU = Debug|Any CPU
		Release|Any CPU = Release|Any CPU
	EndGlobalSection
	GlobalSection(ProjectConfigurationPlatforms) = postSolution
		{20E3D1CF-1C3D-436C-A8B8-E38313837DB0}.Debug|Any CPU.ActiveCfg = Debug|Any CPU
		{20E3D1CF-1C3D-436C-A8B8-E38313837DB0}.Debug|Any CPU.Build.0 = Debug|Any CPU
		{20E3D1CF-1C3D-436C-A8B8-E38313837DB0}.Release|Any CPU.ActiveCfg = Release|Any CPU
		{20E3D1CF-1C3D-436C-A8B8-E38313837DB0}.Release|Any CPU.Build.0 = Release|Any CPU
		{80A27028-ECF4-4185-8707-60CF7969B6B6}.Debug|Any CPU.ActiveCfg = Debug|Any CPU
		{80A27028-ECF4-4185-8707-60CF7969B6B6}.Debug|Any CPU.Build.0 = Debug|Any CPU
		{80A27028-ECF4-4185-8707-60CF7969B6B6}.Release|Any CPU.ActiveCfg = Release|Any CPU
		{80A27028-ECF4-4185-8707-60CF7969B6B6}.Release|Any CPU.Build.0 = Release|Any CPU
		{9502FF18-F989-4E54-AF01-7FBB5D865F5D}.Debug|Any CPU.ActiveCfg = Debug|Any CPU
		{9502FF18-F989-4E54-AF01-7FBB5D865F5D}.Debug|Any CPU.Build.0 = Debug|Any CPU
		{9502FF18-F989-4E54-AF01-7FBB5D865F5D}.Release|Any CPU.ActiveCfg = Release|Any CPU
		{9502FF18-F989-4E54-AF01-7FBB5D865F5D}.Release|Any CPU.Build.0 = Release|Any CPU
		{984E5CB5-71EC-4DFB-8571-EA43893D7530}.Debug|Any CPU.ActiveCfg = Debug|Any CPU
		{984E5CB5-71EC-4DFB-8571-EA43893D7530}.Debug|Any CPU.Build.0 = Debug|Any CPU
		{984E5CB5-71EC-4DFB-8571-EA43893D7530}.Release|Any CPU.ActiveCfg = Release|Any CPU
		{984E5CB5-71EC-4DFB-8571-EA43893D7530}.Release|Any CPU.Build.0 = Release|Any CPU
		{A0E8CFEC-1C69-4625-962C-B73514769D3F}.Debug|Any CPU.ActiveCfg = Debug|Any CPU
		{A0E8CFEC-1C69-4625-962C-B73514769D3F}.Debug|Any CPU.Build.0 = Debug|Any CPU
		{A0E8CFEC-1C69-4625-962C-B73514769D3F}.Release|Any CPU.ActiveCfg = Release|Any CPU
		{A0E8CFEC-1C69-4625-962C-B73514769D3F}.Release|Any CPU.Build.0 = Release|Any CPU
		{0B05A3FB-2F0A-4D9E-8910-5904F4873988}.Debug|Any CPU.ActiveCfg = Debug|Any CPU
		{0B05A3FB-2F0A-4D9E-8910-5904F4873988}.Debug|Any CPU.Build.0 = Debug|Any CPU
		{0B05A3FB-2F0A-4D9E-8910-5904F4873988}.Release|Any CPU.ActiveCfg = Release|Any CPU
		{0B05A3FB-2F0A-4D9E-8910-5904F4873988}.Release|Any CPU.Build.0 = Release|Any CPU
		{98225200-C1C4-47E8-A82E-4512F292AAA0}.Debug|Any CPU.ActiveCfg = Debug|Any CPU
		{98225200-C1C4-47E8-A82E-4512F292AAA0}.Debug|Any CPU.Build.0 = Debug|Any CPU
		{98225200-C1C4-47E8-A82E-4512F292AAA0}.Release|Any CPU.ActiveCfg = Release|Any CPU
		{98225200-C1C4-47E8-A82E-4512F292AAA0}.Release|Any CPU.Build.0 = Release|Any CPU
	EndGlobalSection
	GlobalSection(SolutionProperties) = preSolution
		HideSolutionNode = FALSE
	EndGlobalSection
	GlobalSection(ExtensibilityGlobals) = postSolution
		SolutionGuid = {6B98E665-7E58-412A-9FFD-8199771D4917}
	EndGlobalSection
EndGlobal
