
Microsoft Visual Studio Solution File, Format Version 12.00
# Visual Studio Version 16
VisualStudioVersion = 16.0.30523.141
MinimumVisualStudioVersion = 10.0.40219.1
Project("{FAE04EC0-301F-11D3-BF4B-00C04F79EFBC}") = "Counter-Strike", "Counter-Strike\Counter-Strike.csproj", "{C1E5032B-E0BC-4864-A2D6-2297133267C0}"
EndProject
Project("{FAE04EC0-301F-11D3-BF4B-00C04F79EFBC}") = "Shoot-for-the-Win", "Shoot-for-the-Win\Shoot-for-the-Win.csproj", "{4443C107-F53B-4F1C-8C34-D8E844999F3A}"
EndProject
Project("{FAE04EC0-301F-11D3-BF4B-00C04F79EFBC}") = "Moving-Target", "Moving-Target\Moving-Target.csproj", "{CD2CBDF1-2F6F-4EE0-96B6-828EA5AB185C}"
EndProject
Global
	GlobalSection(SolutionConfigurationPlatforms) = preSolution
		Debug|Any CPU = Debug|Any CPU
		Release|Any CPU = Release|Any CPU
	EndGlobalSection
	GlobalSection(ProjectConfigurationPlatforms) = postSolution
		{C1E5032B-E0BC-4864-A2D6-2297133267C0}.Debug|Any CPU.ActiveCfg = Debug|Any CPU
		{C1E5032B-E0BC-4864-A2D6-2297133267C0}.Debug|Any CPU.Build.0 = Debug|Any CPU
		{C1E5032B-E0BC-4864-A2D6-2297133267C0}.Release|Any CPU.ActiveCfg = Release|Any CPU
		{C1E5032B-E0BC-4864-A2D6-2297133267C0}.Release|Any CPU.Build.0 = Release|Any CPU
		{4443C107-F53B-4F1C-8C34-D8E844999F3A}.Debug|Any CPU.ActiveCfg = Debug|Any CPU
		{4443C107-F53B-4F1C-8C34-D8E844999F3A}.Debug|Any CPU.Build.0 = Debug|Any CPU
		{4443C107-F53B-4F1C-8C34-D8E844999F3A}.Release|Any CPU.ActiveCfg = Release|Any CPU
		{4443C107-F53B-4F1C-8C34-D8E844999F3A}.Release|Any CPU.Build.0 = Release|Any CPU
		{CD2CBDF1-2F6F-4EE0-96B6-828EA5AB185C}.Debug|Any CPU.ActiveCfg = Debug|Any CPU
		{CD2CBDF1-2F6F-4EE0-96B6-828EA5AB185C}.Debug|Any CPU.Build.0 = Debug|Any CPU
		{CD2CBDF1-2F6F-4EE0-96B6-828EA5AB185C}.Release|Any CPU.ActiveCfg = Release|Any CPU
		{CD2CBDF1-2F6F-4EE0-96B6-828EA5AB185C}.Release|Any CPU.Build.0 = Release|Any CPU
	EndGlobalSection
	GlobalSection(SolutionProperties) = preSolution
		HideSolutionNode = FALSE
	EndGlobalSection
	GlobalSection(ExtensibilityGlobals) = postSolution
		SolutionGuid = {2FCCB802-2E68-446D-80EC-EF30B3DA5C6C}
	EndGlobalSection
EndGlobal
