
Microsoft Visual Studio Solution File, Format Version 12.00
# Visual Studio Version 16
VisualStudioVersion = 16.0.30523.141
MinimumVisualStudioVersion = 10.0.40219.1
Project("{FAE04EC0-301F-11D3-BF4B-00C04F79EFBC}") = "Single-Inheritance", "Single-Inheritance\Single-Inheritance.csproj", "{32DC901A-30FA-43E0-9A04-83F1512991DC}"
EndProject
Global
	GlobalSection(SolutionConfigurationPlatforms) = preSolution
		Debug|Any CPU = Debug|Any CPU
		Release|Any CPU = Release|Any CPU
	EndGlobalSection
	GlobalSection(ProjectConfigurationPlatforms) = postSolution
		{32DC901A-30FA-43E0-9A04-83F1512991DC}.Debug|Any CPU.ActiveCfg = Debug|Any CPU
		{32DC901A-30FA-43E0-9A04-83F1512991DC}.Debug|Any CPU.Build.0 = Debug|Any CPU
		{32DC901A-30FA-43E0-9A04-83F1512991DC}.Release|Any CPU.ActiveCfg = Release|Any CPU
		{32DC901A-30FA-43E0-9A04-83F1512991DC}.Release|Any CPU.Build.0 = Release|Any CPU
	EndGlobalSection
	GlobalSection(SolutionProperties) = preSolution
		HideSolutionNode = FALSE
	EndGlobalSection
	GlobalSection(ExtensibilityGlobals) = postSolution
		SolutionGuid = {667EB2BA-F336-40F2-B578-21DD8CA9846E}
	EndGlobalSection
EndGlobal
