
Microsoft Visual Studio Solution File, Format Version 12.00
# Visual Studio Version 16
VisualStudioVersion = 16.0.30002.166
MinimumVisualStudioVersion = 10.0.40219.1
Project("{FAE04EC0-301F-11D3-BF4B-00C04F79EFBC}") = "Journey", "Journey\Journey.csproj", "{C848FE71-6DEC-4082-8DAE-380070EC8760}"
EndProject
Global
	GlobalSection(SolutionConfigurationPlatforms) = preSolution
		Debug|Any CPU = Debug|Any CPU
		Release|Any CPU = Release|Any CPU
	EndGlobalSection
	GlobalSection(ProjectConfigurationPlatforms) = postSolution
		{C848FE71-6DEC-4082-8DAE-380070EC8760}.Debug|Any CPU.ActiveCfg = Debug|Any CPU
		{C848FE71-6DEC-4082-8DAE-380070EC8760}.Debug|Any CPU.Build.0 = Debug|Any CPU
		{C848FE71-6DEC-4082-8DAE-380070EC8760}.Release|Any CPU.ActiveCfg = Release|Any CPU
		{C848FE71-6DEC-4082-8DAE-380070EC8760}.Release|Any CPU.Build.0 = Release|Any CPU
	EndGlobalSection
	GlobalSection(SolutionProperties) = preSolution
		HideSolutionNode = FALSE
	EndGlobalSection
	GlobalSection(ExtensibilityGlobals) = postSolution
		SolutionGuid = {2C47674D-ECB7-4944-B2D7-13300AB6B60C}
	EndGlobalSection
EndGlobal
