
Microsoft Visual Studio Solution File, Format Version 12.00
# Visual Studio Version 16
VisualStudioVersion = 16.0.30002.166
MinimumVisualStudioVersion = 10.0.40219.1
Project("{9A19103F-16F7-4668-BE54-9A1E7A4F7556}") = "Numbers-from-1-to-100", "Numbers-from-1-to-100\Numbers-from-1-to-100.csproj", "{86414A43-17C4-4CD7-80FD-F92E4AF3D5FE}"
EndProject
Project("{9A19103F-16F7-4668-BE54-9A1E7A4F7556}") = "Numbers-N-1", "Numbers-N-1\Numbers-N-1.csproj", "{E71F5700-1BEC-4891-86E1-22FB3354D3F1}"
EndProject
Project("{9A19103F-16F7-4668-BE54-9A1E7A4F7556}") = "Numbers-1-N-with-Step-3", "Numbers-1-N-with-Step-3\Numbers-1-N-with-Step-3.csproj", "{59D4B148-6CB4-4E51-BD9A-98454387E507}"
EndProject
Project("{9A19103F-16F7-4668-BE54-9A1E7A4F7556}") = "Even-Powers-of-2", "Even-Powers-of-2\Even-Powers-of-2.csproj", "{DF30BA27-12B7-407A-8EA4-D636336C426D}"
EndProject
Project("{9A19103F-16F7-4668-BE54-9A1E7A4F7556}") = "Character-Sequence", "Character-Sequence\Character-Sequence.csproj", "{83F98E0E-3603-4ED5-B8E4-5151D20BC8DB}"
EndProject
Project("{9A19103F-16F7-4668-BE54-9A1E7A4F7556}") = "Vowels-Sum", "Vowels-Sum\Vowels-Sum.csproj", "{B38E93F5-4740-43A0-92E1-63DE421F67E2}"
EndProject
Project("{9A19103F-16F7-4668-BE54-9A1E7A4F7556}") = "Sum-Numbers", "Sum-Numbers\Sum-Numbers.csproj", "{F0C3A396-C357-431F-BEE4-E1D1EC06E9E4}"
EndProject
Project("{9A19103F-16F7-4668-BE54-9A1E7A4F7556}") = "Number-sequence", "Number-sequence\Number-sequence.csproj", "{92D3891D-5D63-40C4-A3BC-3036D4CEAE7C}"
EndProject
Project("{9A19103F-16F7-4668-BE54-9A1E7A4F7556}") = "Left-and-Right-Sum", "Left-and-Right-Sum\Left-and-Right-Sum.csproj", "{D254CEF5-B8A9-452D-A113-93D9B4227CC7}"
EndProject
Project("{9A19103F-16F7-4668-BE54-9A1E7A4F7556}") = "Odd-Even-Sum", "Odd-Even-Sum\Odd-Even-Sum.csproj", "{4393BC89-D433-484F-B483-7CF0A7920B8A}"
EndProject
Project("{FAE04EC0-301F-11D3-BF4B-00C04F79EFBC}") = "Clever-Lily", "Clever-Lily\Clever-Lily.csproj", "{50539E73-6051-4A16-A765-4E4C16CBFA0C}"
EndProject
Global
	GlobalSection(SolutionConfigurationPlatforms) = preSolution
		Debug|Any CPU = Debug|Any CPU
		Release|Any CPU = Release|Any CPU
	EndGlobalSection
	GlobalSection(ProjectConfigurationPlatforms) = postSolution
		{86414A43-17C4-4CD7-80FD-F92E4AF3D5FE}.Debug|Any CPU.ActiveCfg = Debug|Any CPU
		{86414A43-17C4-4CD7-80FD-F92E4AF3D5FE}.Debug|Any CPU.Build.0 = Debug|Any CPU
		{86414A43-17C4-4CD7-80FD-F92E4AF3D5FE}.Release|Any CPU.ActiveCfg = Release|Any CPU
		{86414A43-17C4-4CD7-80FD-F92E4AF3D5FE}.Release|Any CPU.Build.0 = Release|Any CPU
		{E71F5700-1BEC-4891-86E1-22FB3354D3F1}.Debug|Any CPU.ActiveCfg = Debug|Any CPU
		{E71F5700-1BEC-4891-86E1-22FB3354D3F1}.Debug|Any CPU.Build.0 = Debug|Any CPU
		{E71F5700-1BEC-4891-86E1-22FB3354D3F1}.Release|Any CPU.ActiveCfg = Release|Any CPU
		{E71F5700-1BEC-4891-86E1-22FB3354D3F1}.Release|Any CPU.Build.0 = Release|Any CPU
		{59D4B148-6CB4-4E51-BD9A-98454387E507}.Debug|Any CPU.ActiveCfg = Debug|Any CPU
		{59D4B148-6CB4-4E51-BD9A-98454387E507}.Debug|Any CPU.Build.0 = Debug|Any CPU
		{59D4B148-6CB4-4E51-BD9A-98454387E507}.Release|Any CPU.ActiveCfg = Release|Any CPU
		{59D4B148-6CB4-4E51-BD9A-98454387E507}.Release|Any CPU.Build.0 = Release|Any CPU
		{DF30BA27-12B7-407A-8EA4-D636336C426D}.Debug|Any CPU.ActiveCfg = Debug|Any CPU
		{DF30BA27-12B7-407A-8EA4-D636336C426D}.Debug|Any CPU.Build.0 = Debug|Any CPU
		{DF30BA27-12B7-407A-8EA4-D636336C426D}.Release|Any CPU.ActiveCfg = Release|Any CPU
		{DF30BA27-12B7-407A-8EA4-D636336C426D}.Release|Any CPU.Build.0 = Release|Any CPU
		{83F98E0E-3603-4ED5-B8E4-5151D20BC8DB}.Debug|Any CPU.ActiveCfg = Debug|Any CPU
		{83F98E0E-3603-4ED5-B8E4-5151D20BC8DB}.Debug|Any CPU.Build.0 = Debug|Any CPU
		{83F98E0E-3603-4ED5-B8E4-5151D20BC8DB}.Release|Any CPU.ActiveCfg = Release|Any CPU
		{83F98E0E-3603-4ED5-B8E4-5151D20BC8DB}.Release|Any CPU.Build.0 = Release|Any CPU
		{B38E93F5-4740-43A0-92E1-63DE421F67E2}.Debug|Any CPU.ActiveCfg = Debug|Any CPU
		{B38E93F5-4740-43A0-92E1-63DE421F67E2}.Debug|Any CPU.Build.0 = Debug|Any CPU
		{B38E93F5-4740-43A0-92E1-63DE421F67E2}.Release|Any CPU.ActiveCfg = Release|Any CPU
		{B38E93F5-4740-43A0-92E1-63DE421F67E2}.Release|Any CPU.Build.0 = Release|Any CPU
		{F0C3A396-C357-431F-BEE4-E1D1EC06E9E4}.Debug|Any CPU.ActiveCfg = Debug|Any CPU
		{F0C3A396-C357-431F-BEE4-E1D1EC06E9E4}.Debug|Any CPU.Build.0 = Debug|Any CPU
		{F0C3A396-C357-431F-BEE4-E1D1EC06E9E4}.Release|Any CPU.ActiveCfg = Release|Any CPU
		{F0C3A396-C357-431F-BEE4-E1D1EC06E9E4}.Release|Any CPU.Build.0 = Release|Any CPU
		{92D3891D-5D63-40C4-A3BC-3036D4CEAE7C}.Debug|Any CPU.ActiveCfg = Debug|Any CPU
		{92D3891D-5D63-40C4-A3BC-3036D4CEAE7C}.Debug|Any CPU.Build.0 = Debug|Any CPU
		{92D3891D-5D63-40C4-A3BC-3036D4CEAE7C}.Release|Any CPU.ActiveCfg = Release|Any CPU
		{92D3891D-5D63-40C4-A3BC-3036D4CEAE7C}.Release|Any CPU.Build.0 = Release|Any CPU
		{D254CEF5-B8A9-452D-A113-93D9B4227CC7}.Debug|Any CPU.ActiveCfg = Debug|Any CPU
		{D254CEF5-B8A9-452D-A113-93D9B4227CC7}.Debug|Any CPU.Build.0 = Debug|Any CPU
		{D254CEF5-B8A9-452D-A113-93D9B4227CC7}.Release|Any CPU.ActiveCfg = Release|Any CPU
		{D254CEF5-B8A9-452D-A113-93D9B4227CC7}.Release|Any CPU.Build.0 = Release|Any CPU
		{4393BC89-D433-484F-B483-7CF0A7920B8A}.Debug|Any CPU.ActiveCfg = Debug|Any CPU
		{4393BC89-D433-484F-B483-7CF0A7920B8A}.Debug|Any CPU.Build.0 = Debug|Any CPU
		{4393BC89-D433-484F-B483-7CF0A7920B8A}.Release|Any CPU.ActiveCfg = Release|Any CPU
		{4393BC89-D433-484F-B483-7CF0A7920B8A}.Release|Any CPU.Build.0 = Release|Any CPU
		{50539E73-6051-4A16-A765-4E4C16CBFA0C}.Debug|Any CPU.ActiveCfg = Debug|Any CPU
		{50539E73-6051-4A16-A765-4E4C16CBFA0C}.Debug|Any CPU.Build.0 = Debug|Any CPU
		{50539E73-6051-4A16-A765-4E4C16CBFA0C}.Release|Any CPU.ActiveCfg = Release|Any CPU
		{50539E73-6051-4A16-A765-4E4C16CBFA0C}.Release|Any CPU.Build.0 = Release|Any CPU
	EndGlobalSection
	GlobalSection(SolutionProperties) = preSolution
		HideSolutionNode = FALSE
	EndGlobalSection
	GlobalSection(ExtensibilityGlobals) = postSolution
		SolutionGuid = {6BBF8A57-9FA4-4EF6-8D2C-846DCE1D34E7}
	EndGlobalSection
EndGlobal
