
Microsoft Visual Studio Solution File, Format Version 12.00
# Visual Studio Version 16
VisualStudioVersion = 16.0.30002.166
MinimumVisualStudioVersion = 10.0.40219.1
Project("{9A19103F-16F7-4668-BE54-9A1E7A4F7556}") = "Numbers-Ending-in-7", "Numbers-Ending-in-7\Numbers-Ending-in-7.csproj", "{3CC8C9E2-5ACC-439F-B0BC-E0F25F90869B}"
EndProject
Project("{9A19103F-16F7-4668-BE54-9A1E7A4F7556}") = "Half-Sum-Element", "Half-Sum-Element\Half-Sum-Element.csproj", "{CF4B3F75-D641-4FE9-8E64-8C5357124B03}"
EndProject
Project("{9A19103F-16F7-4668-BE54-9A1E7A4F7556}") = "Odd-Even-Position", "Odd-Even-Position\Odd-Even-Position.csproj", "{059E8CF4-165D-40E6-A21A-87DFF17ACC05}"
EndProject
Project("{9A19103F-16F7-4668-BE54-9A1E7A4F7556}") = "Histogram", "Histogram\Histogram.csproj", "{30EBBBF9-C19E-4EB4-B26C-D03FBD109C3E}"
EndProject
Project("{FAE04EC0-301F-11D3-BF4B-00C04F79EFBC}") = "Divide-Without-Remainder", "Divide-Without-Remainder\Divide-Without-Remainder.csproj", "{752BF4FE-70E0-4B70-A896-987A73CF5C69}"
EndProject
Project("{FAE04EC0-301F-11D3-BF4B-00C04F79EFBC}") = "Salary", "Salary\Salary.csproj", "{9EDD6AD6-E7C4-4E82-89B5-242EBBBDBDCC}"
EndProject
Global
	GlobalSection(SolutionConfigurationPlatforms) = preSolution
		Debug|Any CPU = Debug|Any CPU
		Release|Any CPU = Release|Any CPU
	EndGlobalSection
	GlobalSection(ProjectConfigurationPlatforms) = postSolution
		{3CC8C9E2-5ACC-439F-B0BC-E0F25F90869B}.Debug|Any CPU.ActiveCfg = Debug|Any CPU
		{3CC8C9E2-5ACC-439F-B0BC-E0F25F90869B}.Debug|Any CPU.Build.0 = Debug|Any CPU
		{3CC8C9E2-5ACC-439F-B0BC-E0F25F90869B}.Release|Any CPU.ActiveCfg = Release|Any CPU
		{3CC8C9E2-5ACC-439F-B0BC-E0F25F90869B}.Release|Any CPU.Build.0 = Release|Any CPU
		{CF4B3F75-D641-4FE9-8E64-8C5357124B03}.Debug|Any CPU.ActiveCfg = Debug|Any CPU
		{CF4B3F75-D641-4FE9-8E64-8C5357124B03}.Debug|Any CPU.Build.0 = Debug|Any CPU
		{CF4B3F75-D641-4FE9-8E64-8C5357124B03}.Release|Any CPU.ActiveCfg = Release|Any CPU
		{CF4B3F75-D641-4FE9-8E64-8C5357124B03}.Release|Any CPU.Build.0 = Release|Any CPU
		{059E8CF4-165D-40E6-A21A-87DFF17ACC05}.Debug|Any CPU.ActiveCfg = Debug|Any CPU
		{059E8CF4-165D-40E6-A21A-87DFF17ACC05}.Debug|Any CPU.Build.0 = Debug|Any CPU
		{059E8CF4-165D-40E6-A21A-87DFF17ACC05}.Release|Any CPU.ActiveCfg = Release|Any CPU
		{059E8CF4-165D-40E6-A21A-87DFF17ACC05}.Release|Any CPU.Build.0 = Release|Any CPU
		{30EBBBF9-C19E-4EB4-B26C-D03FBD109C3E}.Debug|Any CPU.ActiveCfg = Debug|Any CPU
		{30EBBBF9-C19E-4EB4-B26C-D03FBD109C3E}.Debug|Any CPU.Build.0 = Debug|Any CPU
		{30EBBBF9-C19E-4EB4-B26C-D03FBD109C3E}.Release|Any CPU.ActiveCfg = Release|Any CPU
		{30EBBBF9-C19E-4EB4-B26C-D03FBD109C3E}.Release|Any CPU.Build.0 = Release|Any CPU
		{752BF4FE-70E0-4B70-A896-987A73CF5C69}.Debug|Any CPU.ActiveCfg = Debug|Any CPU
		{752BF4FE-70E0-4B70-A896-987A73CF5C69}.Debug|Any CPU.Build.0 = Debug|Any CPU
		{752BF4FE-70E0-4B70-A896-987A73CF5C69}.Release|Any CPU.ActiveCfg = Release|Any CPU
		{752BF4FE-70E0-4B70-A896-987A73CF5C69}.Release|Any CPU.Build.0 = Release|Any CPU
		{9EDD6AD6-E7C4-4E82-89B5-242EBBBDBDCC}.Debug|Any CPU.ActiveCfg = Debug|Any CPU
		{9EDD6AD6-E7C4-4E82-89B5-242EBBBDBDCC}.Debug|Any CPU.Build.0 = Debug|Any CPU
		{9EDD6AD6-E7C4-4E82-89B5-242EBBBDBDCC}.Release|Any CPU.ActiveCfg = Release|Any CPU
		{9EDD6AD6-E7C4-4E82-89B5-242EBBBDBDCC}.Release|Any CPU.Build.0 = Release|Any CPU
	EndGlobalSection
	GlobalSection(SolutionProperties) = preSolution
		HideSolutionNode = FALSE
	EndGlobalSection
	GlobalSection(ExtensibilityGlobals) = postSolution
		SolutionGuid = {A8C76422-8655-4AE8-93FB-2579CFB14817}
	EndGlobalSection
EndGlobal
