
Microsoft Visual Studio Solution File, Format Version 12.00
# Visual Studio Version 16
VisualStudioVersion = 16.0.30002.166
MinimumVisualStudioVersion = 10.0.40219.1
Project("{9A19103F-16F7-4668-BE54-9A1E7A4F7556}") = "Old-Books", "Old-Books\Old-Books.csproj", "{3789D19D-4DFE-4C6C-B51D-FB414C550894}"
EndProject
Project("{9A19103F-16F7-4668-BE54-9A1E7A4F7556}") = "Exam-Preparation", "Exam-Preparation\Exam-Preparation.csproj", "{23DB67CB-4825-428E-9E04-D06D2C193249}"
EndProject
Project("{9A19103F-16F7-4668-BE54-9A1E7A4F7556}") = "Coins", "Coins\Coins.csproj", "{7279332D-75E2-4006-BF68-3286F31DA3CF}"
EndProject
Project("{9A19103F-16F7-4668-BE54-9A1E7A4F7556}") = "Cake", "Cake\Cake.csproj", "{377783A9-635B-4A19-9DCA-9CAAE62AD666}"
EndProject
Project("{9A19103F-16F7-4668-BE54-9A1E7A4F7556}") = "Vacation", "Vacation\Vacation.csproj", "{FCB142D4-E505-4A96-A738-B59507B69186}"
EndProject
Project("{FAE04EC0-301F-11D3-BF4B-00C04F79EFBC}") = "Walking", "Walking\Walking.csproj", "{094742FC-25D5-42DA-91D8-EB69D598E8E1}"
EndProject
Global
	GlobalSection(SolutionConfigurationPlatforms) = preSolution
		Debug|Any CPU = Debug|Any CPU
		Release|Any CPU = Release|Any CPU
	EndGlobalSection
	GlobalSection(ProjectConfigurationPlatforms) = postSolution
		{3789D19D-4DFE-4C6C-B51D-FB414C550894}.Debug|Any CPU.ActiveCfg = Debug|Any CPU
		{3789D19D-4DFE-4C6C-B51D-FB414C550894}.Debug|Any CPU.Build.0 = Debug|Any CPU
		{3789D19D-4DFE-4C6C-B51D-FB414C550894}.Release|Any CPU.ActiveCfg = Release|Any CPU
		{3789D19D-4DFE-4C6C-B51D-FB414C550894}.Release|Any CPU.Build.0 = Release|Any CPU
		{23DB67CB-4825-428E-9E04-D06D2C193249}.Debug|Any CPU.ActiveCfg = Debug|Any CPU
		{23DB67CB-4825-428E-9E04-D06D2C193249}.Debug|Any CPU.Build.0 = Debug|Any CPU
		{23DB67CB-4825-428E-9E04-D06D2C193249}.Release|Any CPU.ActiveCfg = Release|Any CPU
		{23DB67CB-4825-428E-9E04-D06D2C193249}.Release|Any CPU.Build.0 = Release|Any CPU
		{7279332D-75E2-4006-BF68-3286F31DA3CF}.Debug|Any CPU.ActiveCfg = Debug|Any CPU
		{7279332D-75E2-4006-BF68-3286F31DA3CF}.Debug|Any CPU.Build.0 = Debug|Any CPU
		{7279332D-75E2-4006-BF68-3286F31DA3CF}.Release|Any CPU.ActiveCfg = Release|Any CPU
		{7279332D-75E2-4006-BF68-3286F31DA3CF}.Release|Any CPU.Build.0 = Release|Any CPU
		{377783A9-635B-4A19-9DCA-9CAAE62AD666}.Debug|Any CPU.ActiveCfg = Debug|Any CPU
		{377783A9-635B-4A19-9DCA-9CAAE62AD666}.Debug|Any CPU.Build.0 = Debug|Any CPU
		{377783A9-635B-4A19-9DCA-9CAAE62AD666}.Release|Any CPU.ActiveCfg = Release|Any CPU
		{377783A9-635B-4A19-9DCA-9CAAE62AD666}.Release|Any CPU.Build.0 = Release|Any CPU
		{FCB142D4-E505-4A96-A738-B59507B69186}.Debug|Any CPU.ActiveCfg = Debug|Any CPU
		{FCB142D4-E505-4A96-A738-B59507B69186}.Debug|Any CPU.Build.0 = Debug|Any CPU
		{FCB142D4-E505-4A96-A738-B59507B69186}.Release|Any CPU.ActiveCfg = Release|Any CPU
		{FCB142D4-E505-4A96-A738-B59507B69186}.Release|Any CPU.Build.0 = Release|Any CPU
		{094742FC-25D5-42DA-91D8-EB69D598E8E1}.Debug|Any CPU.ActiveCfg = Debug|Any CPU
		{094742FC-25D5-42DA-91D8-EB69D598E8E1}.Debug|Any CPU.Build.0 = Debug|Any CPU
		{094742FC-25D5-42DA-91D8-EB69D598E8E1}.Release|Any CPU.ActiveCfg = Release|Any CPU
		{094742FC-25D5-42DA-91D8-EB69D598E8E1}.Release|Any CPU.Build.0 = Release|Any CPU
	EndGlobalSection
	GlobalSection(SolutionProperties) = preSolution
		HideSolutionNode = FALSE
	EndGlobalSection
	GlobalSection(ExtensibilityGlobals) = postSolution
		SolutionGuid = {B47BA6DE-5977-46F8-A26D-F8B2BF0E7C92}
	EndGlobalSection
EndGlobal
