
Microsoft Visual Studio Solution File, Format Version 12.00
# Visual Studio Version 17
VisualStudioVersion = 17.10.35122.118
MinimumVisualStudioVersion = 10.0.40219.1
Project("{9A19103F-16F7-4668-BE54-9A1E7A4F7556}") = "GenericBox", "GenericBox\GenericBox.csproj", "{51E86DAF-F735-4A31-AB8B-4454218589F4}"
EndProject
Project("{FAE04EC0-301F-11D3-BF4B-00C04F79EFBC}") = "GenericTuple", "GenericTuple\GenericTuple.csproj", "{FD537035-F7B0-49C3-94D1-719AB232382B}"
EndProject
Global
	GlobalSection(SolutionConfigurationPlatforms) = preSolution
		Debug|Any CPU = Debug|Any CPU
		Release|Any CPU = Release|Any CPU
	EndGlobalSection
	GlobalSection(ProjectConfigurationPlatforms) = postSolution
		{51E86DAF-F735-4A31-AB8B-4454218589F4}.Debug|Any CPU.ActiveCfg = Debug|Any CPU
		{51E86DAF-F735-4A31-AB8B-4454218589F4}.Debug|Any CPU.Build.0 = Debug|Any CPU
		{51E86DAF-F735-4A31-AB8B-4454218589F4}.Release|Any CPU.ActiveCfg = Release|Any CPU
		{51E86DAF-F735-4A31-AB8B-4454218589F4}.Release|Any CPU.Build.0 = Release|Any CPU
		{FD537035-F7B0-49C3-94D1-719AB232382B}.Debug|Any CPU.ActiveCfg = Debug|Any CPU
		{FD537035-F7B0-49C3-94D1-719AB232382B}.Debug|Any CPU.Build.0 = Debug|Any CPU
		{FD537035-F7B0-49C3-94D1-719AB232382B}.Release|Any CPU.ActiveCfg = Release|Any CPU
		{FD537035-F7B0-49C3-94D1-719AB232382B}.Release|Any CPU.Build.0 = Release|Any CPU
	EndGlobalSection
	GlobalSection(SolutionProperties) = preSolution
		HideSolutionNode = FALSE
	EndGlobalSection
	GlobalSection(ExtensibilityGlobals) = postSolution
		SolutionGuid = {235F1E27-3C1B-4441-A6A6-A873F7BCE1C4}
	EndGlobalSection
EndGlobal
