
Microsoft Visual Studio Solution File, Format Version 12.00
# Visual Studio Version 16
VisualStudioVersion = 16.0.30523.141
MinimumVisualStudioVersion = 10.0.40219.1
Project("{9A19103F-16F7-4668-BE54-9A1E7A4F7556}") = "Car", "Car\Car.csproj", "{D706B897-08F0-47DD-9E43-B6FD0DB109C6}"
EndProject
Project("{9A19103F-16F7-4668-BE54-9A1E7A4F7556}") = "Car-Extension", "Car-Extension\Car-Extension.csproj", "{808A6D9D-D2CF-4B89-9FE0-66929C39B621}"
EndProject
Project("{FAE04EC0-301F-11D3-BF4B-00C04F79EFBC}") = "Car-Constructors", "Car-Constructors\Car-Constructors.csproj", "{8D70DE28-D475-4B60-9FCA-4DD4B35EFE1C}"
EndProject
Project("{FAE04EC0-301F-11D3-BF4B-00C04F79EFBC}") = "Car-Engine-And-Tires", "Car-Engine-And-Tires\Car-Engine-And-Tires.csproj", "{57EF40D5-8FA1-426F-AB0E-FE25AA626803}"
EndProject
Global
	GlobalSection(SolutionConfigurationPlatforms) = preSolution
		Debug|Any CPU = Debug|Any CPU
		Release|Any CPU = Release|Any CPU
	EndGlobalSection
	GlobalSection(ProjectConfigurationPlatforms) = postSolution
		{D706B897-08F0-47DD-9E43-B6FD0DB109C6}.Debug|Any CPU.ActiveCfg = Debug|Any CPU
		{D706B897-08F0-47DD-9E43-B6FD0DB109C6}.Debug|Any CPU.Build.0 = Debug|Any CPU
		{D706B897-08F0-47DD-9E43-B6FD0DB109C6}.Release|Any CPU.ActiveCfg = Release|Any CPU
		{D706B897-08F0-47DD-9E43-B6FD0DB109C6}.Release|Any CPU.Build.0 = Release|Any CPU
		{808A6D9D-D2CF-4B89-9FE0-66929C39B621}.Debug|Any CPU.ActiveCfg = Debug|Any CPU
		{808A6D9D-D2CF-4B89-9FE0-66929C39B621}.Debug|Any CPU.Build.0 = Debug|Any CPU
		{808A6D9D-D2CF-4B89-9FE0-66929C39B621}.Release|Any CPU.ActiveCfg = Release|Any CPU
		{808A6D9D-D2CF-4B89-9FE0-66929C39B621}.Release|Any CPU.Build.0 = Release|Any CPU
		{8D70DE28-D475-4B60-9FCA-4DD4B35EFE1C}.Debug|Any CPU.ActiveCfg = Debug|Any CPU
		{8D70DE28-D475-4B60-9FCA-4DD4B35EFE1C}.Debug|Any CPU.Build.0 = Debug|Any CPU
		{8D70DE28-D475-4B60-9FCA-4DD4B35EFE1C}.Release|Any CPU.ActiveCfg = Release|Any CPU
		{8D70DE28-D475-4B60-9FCA-4DD4B35EFE1C}.Release|Any CPU.Build.0 = Release|Any CPU
		{57EF40D5-8FA1-426F-AB0E-FE25AA626803}.Debug|Any CPU.ActiveCfg = Debug|Any CPU
		{57EF40D5-8FA1-426F-AB0E-FE25AA626803}.Debug|Any CPU.Build.0 = Debug|Any CPU
		{57EF40D5-8FA1-426F-AB0E-FE25AA626803}.Release|Any CPU.ActiveCfg = Release|Any CPU
		{57EF40D5-8FA1-426F-AB0E-FE25AA626803}.Release|Any CPU.Build.0 = Release|Any CPU
	EndGlobalSection
	GlobalSection(SolutionProperties) = preSolution
		HideSolutionNode = FALSE
	EndGlobalSection
	GlobalSection(ExtensibilityGlobals) = postSolution
		SolutionGuid = {F77A28EF-EB61-4893-B758-085D6F205979}
	EndGlobalSection
EndGlobal
