
Microsoft Visual Studio Solution File, Format Version 12.00
# Visual Studio Version 16
VisualStudioVersion = 16.0.30002.166
MinimumVisualStudioVersion = 10.0.40219.1
Project("{FAE04EC0-301F-11D3-BF4B-00C04F79EFBC}") = "Odd Even Sum", "Odd Even Sum\Odd Even Sum.csproj", "{00EC805E-4CE1-49EA-B037-4F06A0DCF317}"
EndProject
Global
	GlobalSection(SolutionConfigurationPlatforms) = preSolution
		Debug|Any CPU = Debug|Any CPU
		Release|Any CPU = Release|Any CPU
	EndGlobalSection
	GlobalSection(ProjectConfigurationPlatforms) = postSolution
		{00EC805E-4CE1-49EA-B037-4F06A0DCF317}.Debug|Any CPU.ActiveCfg = Debug|Any CPU
		{00EC805E-4CE1-49EA-B037-4F06A0DCF317}.Debug|Any CPU.Build.0 = Debug|Any CPU
		{00EC805E-4CE1-49EA-B037-4F06A0DCF317}.Release|Any CPU.ActiveCfg = Release|Any CPU
		{00EC805E-4CE1-49EA-B037-4F06A0DCF317}.Release|Any CPU.Build.0 = Release|Any CPU
	EndGlobalSection
	GlobalSection(SolutionProperties) = preSolution
		HideSolutionNode = FALSE
	EndGlobalSection
	GlobalSection(ExtensibilityGlobals) = postSolution
		SolutionGuid = {418D1164-45B6-4A6A-8FE2-CE2D2D3B7D82}
	EndGlobalSection
EndGlobal
