
Microsoft Visual Studio Solution File, Format Version 12.00
# Visual Studio Version 16
VisualStudioVersion = 16.0.29806.167
MinimumVisualStudioVersion = 10.0.40219.1
Project("{9A19103F-16F7-4668-BE54-9A1E7A4F7556}") = "Greeting-by-Name", "Greeting-by-Name\Greeting-by-Name.csproj", "{7C8EC932-426C-40F4-B82D-CDB43C41F4FD}"
EndProject
Project("{9A19103F-16F7-4668-BE54-9A1E7A4F7556}") = "Concatenate-Data", "Concatenate-Data\Concatenate-Data.csproj", "{0944071A-7C36-4936-9F35-434CC649D9D6}"
EndProject
Project("{9A19103F-16F7-4668-BE54-9A1E7A4F7556}") = "Square-Area", "Square-Area\Square-Area.csproj", "{3E5F9F59-80D3-4F5A-A431-D61FF9E87E3F}"
EndProject
Project("{9A19103F-16F7-4668-BE54-9A1E7A4F7556}") = "Inches-to-Centimeters", "Inches-to-Centimeters\Inches-to-Centimeters.csproj", "{64D6F483-1EB9-4365-AE01-0DE7D656FAB3}"
EndProject
Project("{9A19103F-16F7-4668-BE54-9A1E7A4F7556}") = "Projects-Creation", "Projects-Creation\Projects-Creation.csproj", "{0F6CAD3D-B39C-4B93-872C-15A960A1ADB2}"
EndProject
Project("{9A19103F-16F7-4668-BE54-9A1E7A4F7556}") = "Pet-Shop", "Pet-Shop\Pet-Shop.csproj", "{573415AF-084A-45DE-949E-90A9A5A7FC3A}"
EndProject
Project("{9A19103F-16F7-4668-BE54-9A1E7A4F7556}") = "Yard-Greening", "Yard-Greening\Yard-Greening.csproj", "{B6F18F3B-E175-46B8-942C-4B012C4520AF}"
EndProject
Project("{FAE04EC0-301F-11D3-BF4B-00C04F79EFBC}") = "Fish-Tank", "Fish-Tank\Fish-Tank.csproj", "{74C4D52C-EDA0-4569-823D-F4F30396FFBB}"
EndProject
Global
	GlobalSection(SolutionConfigurationPlatforms) = preSolution
		Debug|Any CPU = Debug|Any CPU
		Release|Any CPU = Release|Any CPU
	EndGlobalSection
	GlobalSection(ProjectConfigurationPlatforms) = postSolution
		{7C8EC932-426C-40F4-B82D-CDB43C41F4FD}.Debug|Any CPU.ActiveCfg = Debug|Any CPU
		{7C8EC932-426C-40F4-B82D-CDB43C41F4FD}.Debug|Any CPU.Build.0 = Debug|Any CPU
		{7C8EC932-426C-40F4-B82D-CDB43C41F4FD}.Release|Any CPU.ActiveCfg = Release|Any CPU
		{7C8EC932-426C-40F4-B82D-CDB43C41F4FD}.Release|Any CPU.Build.0 = Release|Any CPU
		{0944071A-7C36-4936-9F35-434CC649D9D6}.Debug|Any CPU.ActiveCfg = Debug|Any CPU
		{0944071A-7C36-4936-9F35-434CC649D9D6}.Debug|Any CPU.Build.0 = Debug|Any CPU
		{0944071A-7C36-4936-9F35-434CC649D9D6}.Release|Any CPU.ActiveCfg = Release|Any CPU
		{0944071A-7C36-4936-9F35-434CC649D9D6}.Release|Any CPU.Build.0 = Release|Any CPU
		{3E5F9F59-80D3-4F5A-A431-D61FF9E87E3F}.Debug|Any CPU.ActiveCfg = Debug|Any CPU
		{3E5F9F59-80D3-4F5A-A431-D61FF9E87E3F}.Debug|Any CPU.Build.0 = Debug|Any CPU
		{3E5F9F59-80D3-4F5A-A431-D61FF9E87E3F}.Release|Any CPU.ActiveCfg = Release|Any CPU
		{3E5F9F59-80D3-4F5A-A431-D61FF9E87E3F}.Release|Any CPU.Build.0 = Release|Any CPU
		{64D6F483-1EB9-4365-AE01-0DE7D656FAB3}.Debug|Any CPU.ActiveCfg = Debug|Any CPU
		{64D6F483-1EB9-4365-AE01-0DE7D656FAB3}.Debug|Any CPU.Build.0 = Debug|Any CPU
		{64D6F483-1EB9-4365-AE01-0DE7D656FAB3}.Release|Any CPU.ActiveCfg = Release|Any CPU
		{64D6F483-1EB9-4365-AE01-0DE7D656FAB3}.Release|Any CPU.Build.0 = Release|Any CPU
		{0F6CAD3D-B39C-4B93-872C-15A960A1ADB2}.Debug|Any CPU.ActiveCfg = Debug|Any CPU
		{0F6CAD3D-B39C-4B93-872C-15A960A1ADB2}.Debug|Any CPU.Build.0 = Debug|Any CPU
		{0F6CAD3D-B39C-4B93-872C-15A960A1ADB2}.Release|Any CPU.ActiveCfg = Release|Any CPU
		{0F6CAD3D-B39C-4B93-872C-15A960A1ADB2}.Release|Any CPU.Build.0 = Release|Any CPU
		{573415AF-084A-45DE-949E-90A9A5A7FC3A}.Debug|Any CPU.ActiveCfg = Debug|Any CPU
		{573415AF-084A-45DE-949E-90A9A5A7FC3A}.Debug|Any CPU.Build.0 = Debug|Any CPU
		{573415AF-084A-45DE-949E-90A9A5A7FC3A}.Release|Any CPU.ActiveCfg = Release|Any CPU
		{573415AF-084A-45DE-949E-90A9A5A7FC3A}.Release|Any CPU.Build.0 = Release|Any CPU
		{B6F18F3B-E175-46B8-942C-4B012C4520AF}.Debug|Any CPU.ActiveCfg = Debug|Any CPU
		{B6F18F3B-E175-46B8-942C-4B012C4520AF}.Debug|Any CPU.Build.0 = Debug|Any CPU
		{B6F18F3B-E175-46B8-942C-4B012C4520AF}.Release|Any CPU.ActiveCfg = Release|Any CPU
		{B6F18F3B-E175-46B8-942C-4B012C4520AF}.Release|Any CPU.Build.0 = Release|Any CPU
		{74C4D52C-EDA0-4569-823D-F4F30396FFBB}.Debug|Any CPU.ActiveCfg = Debug|Any CPU
		{74C4D52C-EDA0-4569-823D-F4F30396FFBB}.Debug|Any CPU.Build.0 = Debug|Any CPU
		{74C4D52C-EDA0-4569-823D-F4F30396FFBB}.Release|Any CPU.ActiveCfg = Release|Any CPU
		{74C4D52C-EDA0-4569-823D-F4F30396FFBB}.Release|Any CPU.Build.0 = Release|Any CPU
	EndGlobalSection
	GlobalSection(SolutionProperties) = preSolution
		HideSolutionNode = FALSE
	EndGlobalSection
	GlobalSection(ExtensibilityGlobals) = postSolution
		SolutionGuid = {CE537BCC-5551-4CBC-8AD9-6D509F03AD0B}
	EndGlobalSection
EndGlobal
