
Microsoft Visual Studio Solution File, Format Version 12.00
# Visual Studio Version 16
VisualStudioVersion = 16.0.30523.141
MinimumVisualStudioVersion = 10.0.40219.1
Project("{9A19103F-16F7-4668-BE54-9A1E7A4F7556}") = "Define-an-Interface-IPerson", "Define-an-Interface-IPerson\Define-an-Interface-IPerson.csproj", "{E23A996B-0F84-4D57-82EB-7AD2ED6607C7}"
EndProject
Project("{9A19103F-16F7-4668-BE54-9A1E7A4F7556}") = "Multiple-Implementation", "Multiple-Implementation\Multiple-Implementation.csproj", "{605A4810-1749-4CD6-AE87-B57908969FD2}"
EndProject
Project("{9A19103F-16F7-4668-BE54-9A1E7A4F7556}") = "Telephony", "Telephony\Telephony.csproj", "{2968569F-2EED-4A65-A5B3-26D1E25A568E}"
EndProject
Project("{9A19103F-16F7-4668-BE54-9A1E7A4F7556}") = "Border-Control", "Border Control\Border-Control.csproj", "{9AA23BFE-1AF2-4675-A8EC-B00F5F52A606}"
EndProject
Project("{9A19103F-16F7-4668-BE54-9A1E7A4F7556}") = "Birthday-Celebrations", "Birthday-Celebrations\Birthday-Celebrations.csproj", "{FED727A6-C34C-4E98-90BE-25684D368437}"
EndProject
Project("{FAE04EC0-301F-11D3-BF4B-00C04F79EFBC}") = "Food-Shortage", "Food-Shortage\Food-Shortage.csproj", "{21C48424-271B-41CF-8989-FB1AED342DB8}"
EndProject
Global
	GlobalSection(SolutionConfigurationPlatforms) = preSolution
		Debug|Any CPU = Debug|Any CPU
		Release|Any CPU = Release|Any CPU
	EndGlobalSection
	GlobalSection(ProjectConfigurationPlatforms) = postSolution
		{E23A996B-0F84-4D57-82EB-7AD2ED6607C7}.Debug|Any CPU.ActiveCfg = Debug|Any CPU
		{E23A996B-0F84-4D57-82EB-7AD2ED6607C7}.Debug|Any CPU.Build.0 = Debug|Any CPU
		{E23A996B-0F84-4D57-82EB-7AD2ED6607C7}.Release|Any CPU.ActiveCfg = Release|Any CPU
		{E23A996B-0F84-4D57-82EB-7AD2ED6607C7}.Release|Any CPU.Build.0 = Release|Any CPU
		{605A4810-1749-4CD6-AE87-B57908969FD2}.Debug|Any CPU.ActiveCfg = Debug|Any CPU
		{605A4810-1749-4CD6-AE87-B57908969FD2}.Debug|Any CPU.Build.0 = Debug|Any CPU
		{605A4810-1749-4CD6-AE87-B57908969FD2}.Release|Any CPU.ActiveCfg = Release|Any CPU
		{605A4810-1749-4CD6-AE87-B57908969FD2}.Release|Any CPU.Build.0 = Release|Any CPU
		{2968569F-2EED-4A65-A5B3-26D1E25A568E}.Debug|Any CPU.ActiveCfg = Debug|Any CPU
		{2968569F-2EED-4A65-A5B3-26D1E25A568E}.Debug|Any CPU.Build.0 = Debug|Any CPU
		{2968569F-2EED-4A65-A5B3-26D1E25A568E}.Release|Any CPU.ActiveCfg = Release|Any CPU
		{2968569F-2EED-4A65-A5B3-26D1E25A568E}.Release|Any CPU.Build.0 = Release|Any CPU
		{9AA23BFE-1AF2-4675-A8EC-B00F5F52A606}.Debug|Any CPU.ActiveCfg = Debug|Any CPU
		{9AA23BFE-1AF2-4675-A8EC-B00F5F52A606}.Debug|Any CPU.Build.0 = Debug|Any CPU
		{9AA23BFE-1AF2-4675-A8EC-B00F5F52A606}.Release|Any CPU.ActiveCfg = Release|Any CPU
		{9AA23BFE-1AF2-4675-A8EC-B00F5F52A606}.Release|Any CPU.Build.0 = Release|Any CPU
		{FED727A6-C34C-4E98-90BE-25684D368437}.Debug|Any CPU.ActiveCfg = Debug|Any CPU
		{FED727A6-C34C-4E98-90BE-25684D368437}.Debug|Any CPU.Build.0 = Debug|Any CPU
		{FED727A6-C34C-4E98-90BE-25684D368437}.Release|Any CPU.ActiveCfg = Release|Any CPU
		{FED727A6-C34C-4E98-90BE-25684D368437}.Release|Any CPU.Build.0 = Release|Any CPU
		{21C48424-271B-41CF-8989-FB1AED342DB8}.Debug|Any CPU.ActiveCfg = Debug|Any CPU
		{21C48424-271B-41CF-8989-FB1AED342DB8}.Debug|Any CPU.Build.0 = Debug|Any CPU
		{21C48424-271B-41CF-8989-FB1AED342DB8}.Release|Any CPU.ActiveCfg = Release|Any CPU
		{21C48424-271B-41CF-8989-FB1AED342DB8}.Release|Any CPU.Build.0 = Release|Any CPU
	EndGlobalSection
	GlobalSection(SolutionProperties) = preSolution
		HideSolutionNode = FALSE
	EndGlobalSection
	GlobalSection(ExtensibilityGlobals) = postSolution
		SolutionGuid = {AA76B05F-62FB-4E5B-9DDA-C31BBCC6BED2}
	EndGlobalSection
EndGlobal
